
Microsoft Visual Studio Solution File, Format Version 12.00
# Visual Studio Version 16
VisualStudioVersion = 16.0.30621.155
MinimumVisualStudioVersion = 10.0.40219.1
Project("{FAE04EC0-301F-11D3-BF4B-00C04F79EFBC}") = "NatParksPersonal", "NatParksPersonal\NatParksPersonal.csproj", "{1DFB0448-8A7D-45DC-B8C3-8BFFCEB9A0E1}"
EndProject
Global
	GlobalSection(SolutionConfigurationPlatforms) = preSolution
		Debug|Any CPU = Debug|Any CPU
		Release|Any CPU = Release|Any CPU
	EndGlobalSection
	GlobalSection(ProjectConfigurationPlatforms) = postSolution
		{1DFB0448-8A7D-45DC-B8C3-8BFFCEB9A0E1}.Debug|Any CPU.ActiveCfg = Debug|Any CPU
		{1DFB0448-8A7D-45DC-B8C3-8BFFCEB9A0E1}.Debug|Any CPU.Build.0 = Debug|Any CPU
		{1DFB0448-8A7D-45DC-B8C3-8BFFCEB9A0E1}.Release|Any CPU.ActiveCfg = Release|Any CPU
		{1DFB0448-8A7D-45DC-B8C3-8BFFCEB9A0E1}.Release|Any CPU.Build.0 = Release|Any CPU
	EndGlobalSection
	GlobalSection(SolutionProperties) = preSolution
		HideSolutionNode = FALSE
	EndGlobalSection
	GlobalSection(ExtensibilityGlobals) = postSolution
		SolutionGuid = {FB52CCA6-78DB-4D2C-9AFD-617ED79D30FF}
	EndGlobalSection
EndGlobal
